
Microsoft Visual Studio Solution File, Format Version 12.00
# Visual Studio Version 16
VisualStudioVersion = 16.0.29905.134
MinimumVisualStudioVersion = 10.0.40219.1
Project("{FAE04EC0-301F-11D3-BF4B-00C04F79EFBC}") = "WpfApp2", "WpfApp2.csproj", "{484537C0-BC19-4592-9B58-4C4D5635BE6C}"
EndProject
Global
	GlobalSection(SolutionConfigurationPlatforms) = preSolution
		Debug|Any CPU = Debug|Any CPU
		Release|Any CPU = Release|Any CPU
	EndGlobalSection
	GlobalSection(ProjectConfigurationPlatforms) = postSolution
		{484537C0-BC19-4592-9B58-4C4D5635BE6C}.Debug|Any CPU.ActiveCfg = Debug|Any CPU
		{484537C0-BC19-4592-9B58-4C4D5635BE6C}.Debug|Any CPU.Build.0 = Debug|Any CPU
		{484537C0-BC19-4592-9B58-4C4D5635BE6C}.Release|Any CPU.ActiveCfg = Release|Any CPU
		{484537C0-BC19-4592-9B58-4C4D5635BE6C}.Release|Any CPU.Build.0 = Release|Any CPU
	EndGlobalSection
	GlobalSection(SolutionProperties) = preSolution
		HideSolutionNode = FALSE
	EndGlobalSection
	GlobalSection(ExtensibilityGlobals) = postSolution
		SolutionGuid = {4804002A-5D79-4F26-862D-447E125DA893}
	EndGlobalSection
EndGlobal
